<?xml version="1.0" encoding="utf-8"?>
<Project ToolsVersion="4.0" xmlns="http://schemas.microsoft.com/developer/msbuild/2003">
  <ItemGroup>
    <Filter Include="Source Files">
      <UniqueIdentifier>{4FC737F1-C7A5-4376-A066-2A32D752A2FF}</UniqueIdentifier>
      <Extensions>cpp;c;cc;cxx;def;odl;idl;hpj;bat;asm;asmx</Extensions>
    </Filter>
    <Filter Include="Header Files">
      <UniqueIdentifier>{93995380-89BD-4b04-88EB-625FBE52EBFB}</UniqueIdentifier>
      <Extensions>h;hh;hpp;hxx;hm;inl;inc;xsd</Extensions>
    </Filter>
    <Filter Include="Resource Files">
      <UniqueIdentifier>{67DA6AB6-F800-4c08-8B7A-83BB121AAD01}</UniqueIdentifier>
      <Extensions>rc;ico;cur;bmp;dlg;rc2;rct;bin;rgs;gif;jpg;jpeg;jpe;resx;tiff;tif;png;wav</Extensions>
    </Filter>
  </ItemGroup>
  <ItemGroup>
    <ClCompile Include="ASCIITableCommand.cpp">
      <Filter>Source Files</Filter>
    </ClCompile>
    <ClCompile Include="bio_crt.cpp">
      <Filter>Source Files</Filter>
    </ClCompile>
    <ClCompile Include="BlockModeCommand.cpp">
      <Filter>Source Files</Filter>
    </ClCompile>
    <ClCompile Include="DrawCommand.cpp">
      <Filter>Source Files</Filter>
    </ClCompile>
    <ClCompile Include="FontEditorCommand.cpp">
      <Filter>Source Files</Filter>
    </ClCompile>
    <ClCompile Include="fonts.cpp">
      <Filter>Source Files</Filter>
    </ClCompile>
    <ClCompile Include="HelpCommand.cpp">
      <Filter>Source Files</Filter>
    </ClCompile>
    <ClCompile Include="mdraw.cpp">
      <Filter>Source Files</Filter>
    </ClCompile>
    <ClCompile Include="PaletteEditorCommand.cpp">
      <Filter>Source Files</Filter>
    </ClCompile>
    <ClCompile Include="sauce.cpp">
      <Filter>Source Files</Filter>
    </ClCompile>
    <ClCompile Include="ScreenBuffer.cpp">
      <Filter>Source Files</Filter>
    </ClCompile>
    <ClCompile Include="SelectColorCommand.cpp">
      <Filter>Source Files</Filter>
    </ClCompile>
    <ClCompile Include="SelectEffectModeCommand.cpp">
      <Filter>Source Files</Filter>
    </ClCompile>
    <ClCompile Include="SelectFontCommand.cpp">
      <Filter>Source Files</Filter>
    </ClCompile>
    <ClCompile Include="SelectSauceCommand.cpp">
      <Filter>Source Files</Filter>
    </ClCompile>
    <ClCompile Include="TabulatorCommand.cpp">
      <Filter>Source Files</Filter>
    </ClCompile>
    <ClCompile Include="ViewModeCommand.cpp">
      <Filter>Source Files</Filter>
    </ClCompile>
    <ClCompile Include="caret.cpp">
      <Filter>Source Files</Filter>
    </ClCompile>
    <ClCompile Include="command.cpp">
      <Filter>Source Files</Filter>
    </ClCompile>
  </ItemGroup>
  <ItemGroup>
    <ClInclude Include="bio_crt.h">
      <Filter>Header Files</Filter>
    </ClInclude>
    <ClInclude Include="ASCIITableCommand.hpp">
      <Filter>Header Files</Filter>
    </ClInclude>
    <ClInclude Include="BlockModeCommand.hpp">
      <Filter>Header Files</Filter>
    </ClInclude>
    <ClInclude Include="command.hpp">
      <Filter>Header Files</Filter>
    </ClInclude>
    <ClInclude Include="DrawCommand.hpp">
      <Filter>Header Files</Filter>
    </ClInclude>
    <ClInclude Include="FontEditorCommand.hpp">
      <Filter>Header Files</Filter>
    </ClInclude>
    <ClInclude Include="HelpCommand.hpp">
      <Filter>Header Files</Filter>
    </ClInclude>
    <ClInclude Include="PaletteEditorCommand.hpp">
      <Filter>Header Files</Filter>
    </ClInclude>
    <ClInclude Include="sauce.hpp">
      <Filter>Header Files</Filter>
    </ClInclude>
    <ClInclude Include="ScreenBuffer.hpp">
      <Filter>Header Files</Filter>
    </ClInclude>
    <ClInclude Include="SelectColorCommand.hpp">
      <Filter>Header Files</Filter>
    </ClInclude>
    <ClInclude Include="SelectEffectModeCommand.hpp">
      <Filter>Header Files</Filter>
    </ClInclude>
    <ClInclude Include="SelectFontCommand.hpp">
      <Filter>Header Files</Filter>
    </ClInclude>
    <ClInclude Include="SelectSauceCommand.hpp">
      <Filter>Header Files</Filter>
    </ClInclude>
    <ClInclude Include="TabulatorCommand.hpp">
      <Filter>Header Files</Filter>
    </ClInclude>
    <ClInclude Include="ViewModeCommand.hpp">
      <Filter>Header Files</Filter>
    </ClInclude>
    <ClInclude Include="fonts.h">
      <Filter>Header Files</Filter>
    </ClInclude>
    <ClInclude Include="caret.h">
      <Filter>Header Files</Filter>
    </ClInclude>
    <ClInclude Include="mdraw.h">
      <Filter>Header Files</Filter>
    </ClInclude>
  </ItemGroup>
</Project>